
Microsoft Visual Studio Solution File, Format Version 12.00
# Visual Studio Version 17
VisualStudioVersion = 17.11.35222.181
MinimumVisualStudioVersion = 10.0.40219.1
Project("{FAE04EC0-301F-11D3-BF4B-00C04F79EFBC}") = "Pesquisa pokemon", "Pesquisa pokemon\Pesquisa pokemon.csproj", "{41792CA7-6D8D-4B12-8B25-A7E6E8AFB258}"
EndProject
Global
	GlobalSection(SolutionConfigurationPlatforms) = preSolution
		Debug|Any CPU = Debug|Any CPU
		Release|Any CPU = Release|Any CPU
	EndGlobalSection
	GlobalSection(ProjectConfigurationPlatforms) = postSolution
		{41792CA7-6D8D-4B12-8B25-A7E6E8AFB258}.Debug|Any CPU.ActiveCfg = Debug|Any CPU
		{41792CA7-6D8D-4B12-8B25-A7E6E8AFB258}.Debug|Any CPU.Build.0 = Debug|Any CPU
		{41792CA7-6D8D-4B12-8B25-A7E6E8AFB258}.Release|Any CPU.ActiveCfg = Release|Any CPU
		{41792CA7-6D8D-4B12-8B25-A7E6E8AFB258}.Release|Any CPU.Build.0 = Release|Any CPU
	EndGlobalSection
	GlobalSection(SolutionProperties) = preSolution
		HideSolutionNode = FALSE
	EndGlobalSection
	GlobalSection(ExtensibilityGlobals) = postSolution
		SolutionGuid = {3F22AD19-32FD-411E-8A97-F66EE4A3FA20}
	EndGlobalSection
EndGlobal
